
Microsoft Visual Studio Solution File, Format Version 11.00
# Visual Studio 2010
Project("{FAE04EC0-301F-11D3-BF4B-00C04F79EFBC}") = "Assembly-CSharp", "Assembly-CSharp.csproj", "{2FBB9DA8-5B89-BC5B-B7C8-A00D6C9447DC}"
EndProject
Global
	GlobalSection(SolutionConfigurationPlatforms) = preSolution
		Debug|Any CPU = Debug|Any CPU
		Release|Any CPU = Release|Any CPU
	EndGlobalSection
	GlobalSection(ProjectConfigurationPlatforms) = postSolution
		{2FBB9DA8-5B89-BC5B-B7C8-A00D6C9447DC}.Debug|Any CPU.ActiveCfg = Debug|Any CPU
		{2FBB9DA8-5B89-BC5B-B7C8-A00D6C9447DC}.Debug|Any CPU.Build.0 = Debug|Any CPU
		{2FBB9DA8-5B89-BC5B-B7C8-A00D6C9447DC}.Release|Any CPU.ActiveCfg = Release|Any CPU
		{2FBB9DA8-5B89-BC5B-B7C8-A00D6C9447DC}.Release|Any CPU.Build.0 = Release|Any CPU
	EndGlobalSection
	GlobalSection(SolutionProperties) = preSolution
		HideSolutionNode = FALSE
	EndGlobalSection
EndGlobal
